
Microsoft Visual Studio Solution File, Format Version 12.00
# Visual Studio Version 17
VisualStudioVersion = 17.5.002.0
MinimumVisualStudioVersion = 10.0.40219.1
Project("{9A19103F-16F7-4668-BE54-9A1E7A4F7556}") = "01_PrimerEjercicio", "01_PrimerEjercicio\01_PrimerEjercicio.csproj", "{C4B0AA35-FAA6-41D6-B01D-2C7889A35DE0}"
EndProject
Global
	GlobalSection(SolutionConfigurationPlatforms) = preSolution
		Debug|Any CPU = Debug|Any CPU
		Release|Any CPU = Release|Any CPU
	EndGlobalSection
	GlobalSection(ProjectConfigurationPlatforms) = postSolution
		{C4B0AA35-FAA6-41D6-B01D-2C7889A35DE0}.Debug|Any CPU.ActiveCfg = Debug|Any CPU
		{C4B0AA35-FAA6-41D6-B01D-2C7889A35DE0}.Debug|Any CPU.Build.0 = Debug|Any CPU
		{C4B0AA35-FAA6-41D6-B01D-2C7889A35DE0}.Release|Any CPU.ActiveCfg = Release|Any CPU
		{C4B0AA35-FAA6-41D6-B01D-2C7889A35DE0}.Release|Any CPU.Build.0 = Release|Any CPU
	EndGlobalSection
	GlobalSection(SolutionProperties) = preSolution
		HideSolutionNode = FALSE
	EndGlobalSection
	GlobalSection(ExtensibilityGlobals) = postSolution
		SolutionGuid = {DFE20497-7F8A-456A-A6C6-D9BB92228D92}
	EndGlobalSection
EndGlobal
