
Microsoft Visual Studio Solution File, Format Version 12.00
# Visual Studio Version 17
VisualStudioVersion = 17.5.002.0
MinimumVisualStudioVersion = 10.0.40219.1
Project("{9A19103F-16F7-4668-BE54-9A1E7A4F7556}") = "SegundoEjercicio", "SegundoEjercicio\SegundoEjercicio.csproj", "{EC7FD3ED-8624-42E6-96D6-F660AE4D1A59}"
EndProject
Project("{9A19103F-16F7-4668-BE54-9A1E7A4F7556}") = "PrimerEjercicio", "PrimerEjercicio\PrimerEjercicio.csproj", "{FF9C471F-BD8C-451E-85C7-AD97F2624403}"
EndProject
Project("{9A19103F-16F7-4668-BE54-9A1E7A4F7556}") = "TrabajoColaborativoUno", "TrabajoColaborativoUno\TrabajoColaborativoUno.csproj", "{430747AF-23EE-419E-8327-34D0143AA57C}"
EndProject
Global
	GlobalSection(SolutionConfigurationPlatforms) = preSolution
		Debug|Any CPU = Debug|Any CPU
		Release|Any CPU = Release|Any CPU
	EndGlobalSection
	GlobalSection(ProjectConfigurationPlatforms) = postSolution
		{EC7FD3ED-8624-42E6-96D6-F660AE4D1A59}.Debug|Any CPU.ActiveCfg = Debug|Any CPU
		{EC7FD3ED-8624-42E6-96D6-F660AE4D1A59}.Debug|Any CPU.Build.0 = Debug|Any CPU
		{EC7FD3ED-8624-42E6-96D6-F660AE4D1A59}.Release|Any CPU.ActiveCfg = Release|Any CPU
		{EC7FD3ED-8624-42E6-96D6-F660AE4D1A59}.Release|Any CPU.Build.0 = Release|Any CPU
		{FF9C471F-BD8C-451E-85C7-AD97F2624403}.Debug|Any CPU.ActiveCfg = Debug|Any CPU
		{FF9C471F-BD8C-451E-85C7-AD97F2624403}.Debug|Any CPU.Build.0 = Debug|Any CPU
		{FF9C471F-BD8C-451E-85C7-AD97F2624403}.Release|Any CPU.ActiveCfg = Release|Any CPU
		{FF9C471F-BD8C-451E-85C7-AD97F2624403}.Release|Any CPU.Build.0 = Release|Any CPU
		{430747AF-23EE-419E-8327-34D0143AA57C}.Debug|Any CPU.ActiveCfg = Debug|Any CPU
		{430747AF-23EE-419E-8327-34D0143AA57C}.Debug|Any CPU.Build.0 = Debug|Any CPU
		{430747AF-23EE-419E-8327-34D0143AA57C}.Release|Any CPU.ActiveCfg = Release|Any CPU
		{430747AF-23EE-419E-8327-34D0143AA57C}.Release|Any CPU.Build.0 = Release|Any CPU
	EndGlobalSection
	GlobalSection(SolutionProperties) = preSolution
		HideSolutionNode = FALSE
	EndGlobalSection
	GlobalSection(ExtensibilityGlobals) = postSolution
		SolutionGuid = {3FCEA993-5A2B-4F64-BA7F-2956E51D573F}
	EndGlobalSection
EndGlobal
