
Microsoft Visual Studio Solution File, Format Version 12.00
# Visual Studio Version 17
VisualStudioVersion = 17.5.002.0
MinimumVisualStudioVersion = 10.0.40219.1
Project("{9A19103F-16F7-4668-BE54-9A1E7A4F7556}") = "SegundoEjercicio", "SegundoEjercicio\SegundoEjercicio.csproj", "{2FBEF81D-432F-4DBD-B6A0-8529DEC43EE1}"
EndProject
Project("{9A19103F-16F7-4668-BE54-9A1E7A4F7556}") = "03_TrabajoColaborativoTres", "03_TrabajoColaborativoTres\03_TrabajoColaborativoTres.csproj", "{248435FB-D8E3-4C61-BAF8-1FFD4C767ECB}"
EndProject
Project("{9A19103F-16F7-4668-BE54-9A1E7A4F7556}") = "TrabajoColaborativoDos", "02_TrabajoColaborativoDos\TrabajoColaborativoDos.csproj", "{9650A061-8AB5-4D8E-B354-856C16EE63C7}"
EndProject
Project("{9A19103F-16F7-4668-BE54-9A1E7A4F7556}") = "PrimerEjercicio", "PrimerEjercicio\PrimerEjercicio.csproj", "{C9323123-A948-461C-9F19-8B87B88440A9}"
EndProject
Project("{9A19103F-16F7-4668-BE54-9A1E7A4F7556}") = "TrabajoColaborativoUno", "01_TrabajoColaborativoUno\TrabajoColaborativoUno.csproj", "{1101549B-D41E-4B95-9C7A-75D1581765B1}"
EndProject
Global
	GlobalSection(SolutionConfigurationPlatforms) = preSolution
		Debug|Any CPU = Debug|Any CPU
		Release|Any CPU = Release|Any CPU
	EndGlobalSection
	GlobalSection(ProjectConfigurationPlatforms) = postSolution
		{2FBEF81D-432F-4DBD-B6A0-8529DEC43EE1}.Debug|Any CPU.ActiveCfg = Debug|Any CPU
		{2FBEF81D-432F-4DBD-B6A0-8529DEC43EE1}.Debug|Any CPU.Build.0 = Debug|Any CPU
		{2FBEF81D-432F-4DBD-B6A0-8529DEC43EE1}.Release|Any CPU.ActiveCfg = Release|Any CPU
		{2FBEF81D-432F-4DBD-B6A0-8529DEC43EE1}.Release|Any CPU.Build.0 = Release|Any CPU
		{248435FB-D8E3-4C61-BAF8-1FFD4C767ECB}.Debug|Any CPU.ActiveCfg = Debug|Any CPU
		{248435FB-D8E3-4C61-BAF8-1FFD4C767ECB}.Debug|Any CPU.Build.0 = Debug|Any CPU
		{248435FB-D8E3-4C61-BAF8-1FFD4C767ECB}.Release|Any CPU.ActiveCfg = Release|Any CPU
		{248435FB-D8E3-4C61-BAF8-1FFD4C767ECB}.Release|Any CPU.Build.0 = Release|Any CPU
		{9650A061-8AB5-4D8E-B354-856C16EE63C7}.Debug|Any CPU.ActiveCfg = Debug|Any CPU
		{9650A061-8AB5-4D8E-B354-856C16EE63C7}.Debug|Any CPU.Build.0 = Debug|Any CPU
		{9650A061-8AB5-4D8E-B354-856C16EE63C7}.Release|Any CPU.ActiveCfg = Release|Any CPU
		{9650A061-8AB5-4D8E-B354-856C16EE63C7}.Release|Any CPU.Build.0 = Release|Any CPU
		{C9323123-A948-461C-9F19-8B87B88440A9}.Debug|Any CPU.ActiveCfg = Debug|Any CPU
		{C9323123-A948-461C-9F19-8B87B88440A9}.Debug|Any CPU.Build.0 = Debug|Any CPU
		{C9323123-A948-461C-9F19-8B87B88440A9}.Release|Any CPU.ActiveCfg = Release|Any CPU
		{C9323123-A948-461C-9F19-8B87B88440A9}.Release|Any CPU.Build.0 = Release|Any CPU
		{1101549B-D41E-4B95-9C7A-75D1581765B1}.Debug|Any CPU.ActiveCfg = Debug|Any CPU
		{1101549B-D41E-4B95-9C7A-75D1581765B1}.Debug|Any CPU.Build.0 = Debug|Any CPU
		{1101549B-D41E-4B95-9C7A-75D1581765B1}.Release|Any CPU.ActiveCfg = Release|Any CPU
		{1101549B-D41E-4B95-9C7A-75D1581765B1}.Release|Any CPU.Build.0 = Release|Any CPU
	EndGlobalSection
	GlobalSection(SolutionProperties) = preSolution
		HideSolutionNode = FALSE
	EndGlobalSection
	GlobalSection(ExtensibilityGlobals) = postSolution
		SolutionGuid = {3FCEA993-5A2B-4F64-BA7F-2956E51D573F}
	EndGlobalSection
EndGlobal
