
Microsoft Visual Studio Solution File, Format Version 12.00
# Visual Studio Version 17
VisualStudioVersion = 17.5.002.0
MinimumVisualStudioVersion = 10.0.40219.1
Project("{9A19103F-16F7-4668-BE54-9A1E7A4F7556}") = "03_EjercicioDos", "03_EjercicioDos\03_EjercicioDos.csproj", "{7F7CFB30-BE99-410C-A68C-EEC8C0D576EA}"
EndProject
Project("{9A19103F-16F7-4668-BE54-9A1E7A4F7556}") = "02_EjercicioDos", "02_EjercicioDos\02_EjercicioDos.csproj", "{5C0D7738-D3F8-4371-BC79-2F23F9E7ABD6}"
EndProject
Project("{9A19103F-16F7-4668-BE54-9A1E7A4F7556}") = "01_EjercicioUno", "01_EjercicioUno\01_EjercicioUno.csproj", "{7CDF42E2-9F5F-47C8-AE62-7D0A015C0E4B}"
EndProject
Global
	GlobalSection(SolutionConfigurationPlatforms) = preSolution
		Debug|Any CPU = Debug|Any CPU
		Release|Any CPU = Release|Any CPU
	EndGlobalSection
	GlobalSection(ProjectConfigurationPlatforms) = postSolution
		{7F7CFB30-BE99-410C-A68C-EEC8C0D576EA}.Debug|Any CPU.ActiveCfg = Debug|Any CPU
		{7F7CFB30-BE99-410C-A68C-EEC8C0D576EA}.Debug|Any CPU.Build.0 = Debug|Any CPU
		{7F7CFB30-BE99-410C-A68C-EEC8C0D576EA}.Release|Any CPU.ActiveCfg = Release|Any CPU
		{7F7CFB30-BE99-410C-A68C-EEC8C0D576EA}.Release|Any CPU.Build.0 = Release|Any CPU
		{5C0D7738-D3F8-4371-BC79-2F23F9E7ABD6}.Debug|Any CPU.ActiveCfg = Debug|Any CPU
		{5C0D7738-D3F8-4371-BC79-2F23F9E7ABD6}.Debug|Any CPU.Build.0 = Debug|Any CPU
		{5C0D7738-D3F8-4371-BC79-2F23F9E7ABD6}.Release|Any CPU.ActiveCfg = Release|Any CPU
		{5C0D7738-D3F8-4371-BC79-2F23F9E7ABD6}.Release|Any CPU.Build.0 = Release|Any CPU
		{7CDF42E2-9F5F-47C8-AE62-7D0A015C0E4B}.Debug|Any CPU.ActiveCfg = Debug|Any CPU
		{7CDF42E2-9F5F-47C8-AE62-7D0A015C0E4B}.Debug|Any CPU.Build.0 = Debug|Any CPU
		{7CDF42E2-9F5F-47C8-AE62-7D0A015C0E4B}.Release|Any CPU.ActiveCfg = Release|Any CPU
		{7CDF42E2-9F5F-47C8-AE62-7D0A015C0E4B}.Release|Any CPU.Build.0 = Release|Any CPU
	EndGlobalSection
	GlobalSection(SolutionProperties) = preSolution
		HideSolutionNode = FALSE
	EndGlobalSection
	GlobalSection(ExtensibilityGlobals) = postSolution
		SolutionGuid = {ACFDEC05-0550-49BD-86A4-9E774D8E4F5C}
	EndGlobalSection
EndGlobal
