
Microsoft Visual Studio Solution File, Format Version 12.00
# Visual Studio Version 17
VisualStudioVersion = 17.5.002.0
MinimumVisualStudioVersion = 10.0.40219.1
Project("{9A19103F-16F7-4668-BE54-9A1E7A4F7556}") = "04_EjercicioCuatro", "04_EjercicioCuatro\04_EjercicioCuatro.csproj", "{03CE285F-A084-4A3B-8201-114E2991AE7F}"
EndProject
Project("{9A19103F-16F7-4668-BE54-9A1E7A4F7556}") = "03_EjercicioDos", "03_EjercicioDos\03_EjercicioDos.csproj", "{97B4B928-585C-4CE8-9763-DF0B9BD28ABC}"
EndProject
Project("{9A19103F-16F7-4668-BE54-9A1E7A4F7556}") = "02_EjercicioDos", "02_EjercicioDos\02_EjercicioDos.csproj", "{383D7233-BE88-4B29-A924-CB51E9F8F5AF}"
EndProject
Project("{9A19103F-16F7-4668-BE54-9A1E7A4F7556}") = "01_EjercicioUno", "01_EjercicioUno\01_EjercicioUno.csproj", "{366D9123-7857-4467-84E0-CA3C0FA9E36A}"
EndProject
Global
	GlobalSection(SolutionConfigurationPlatforms) = preSolution
		Debug|Any CPU = Debug|Any CPU
		Release|Any CPU = Release|Any CPU
	EndGlobalSection
	GlobalSection(ProjectConfigurationPlatforms) = postSolution
		{03CE285F-A084-4A3B-8201-114E2991AE7F}.Debug|Any CPU.ActiveCfg = Debug|Any CPU
		{03CE285F-A084-4A3B-8201-114E2991AE7F}.Debug|Any CPU.Build.0 = Debug|Any CPU
		{03CE285F-A084-4A3B-8201-114E2991AE7F}.Release|Any CPU.ActiveCfg = Release|Any CPU
		{03CE285F-A084-4A3B-8201-114E2991AE7F}.Release|Any CPU.Build.0 = Release|Any CPU
		{97B4B928-585C-4CE8-9763-DF0B9BD28ABC}.Debug|Any CPU.ActiveCfg = Debug|Any CPU
		{97B4B928-585C-4CE8-9763-DF0B9BD28ABC}.Debug|Any CPU.Build.0 = Debug|Any CPU
		{97B4B928-585C-4CE8-9763-DF0B9BD28ABC}.Release|Any CPU.ActiveCfg = Release|Any CPU
		{97B4B928-585C-4CE8-9763-DF0B9BD28ABC}.Release|Any CPU.Build.0 = Release|Any CPU
		{383D7233-BE88-4B29-A924-CB51E9F8F5AF}.Debug|Any CPU.ActiveCfg = Debug|Any CPU
		{383D7233-BE88-4B29-A924-CB51E9F8F5AF}.Debug|Any CPU.Build.0 = Debug|Any CPU
		{383D7233-BE88-4B29-A924-CB51E9F8F5AF}.Release|Any CPU.ActiveCfg = Release|Any CPU
		{383D7233-BE88-4B29-A924-CB51E9F8F5AF}.Release|Any CPU.Build.0 = Release|Any CPU
		{366D9123-7857-4467-84E0-CA3C0FA9E36A}.Debug|Any CPU.ActiveCfg = Debug|Any CPU
		{366D9123-7857-4467-84E0-CA3C0FA9E36A}.Debug|Any CPU.Build.0 = Debug|Any CPU
		{366D9123-7857-4467-84E0-CA3C0FA9E36A}.Release|Any CPU.ActiveCfg = Release|Any CPU
		{366D9123-7857-4467-84E0-CA3C0FA9E36A}.Release|Any CPU.Build.0 = Release|Any CPU
	EndGlobalSection
	GlobalSection(SolutionProperties) = preSolution
		HideSolutionNode = FALSE
	EndGlobalSection
	GlobalSection(ExtensibilityGlobals) = postSolution
		SolutionGuid = {ACFDEC05-0550-49BD-86A4-9E774D8E4F5C}
	EndGlobalSection
EndGlobal
