
Microsoft Visual Studio Solution File, Format Version 12.00
# Visual Studio Version 17
VisualStudioVersion = 17.5.002.0
MinimumVisualStudioVersion = 10.0.40219.1
Project("{9A19103F-16F7-4668-BE54-9A1E7A4F7556}") = "04_EjercicioCuatro", "04_EjercicioCuatro\04_EjercicioCuatro.csproj", "{066F2B81-0010-432E-9D0A-2562251F6542}"
EndProject
Project("{9A19103F-16F7-4668-BE54-9A1E7A4F7556}") = "03_EjercicioDos", "03_EjercicioDos\03_EjercicioDos.csproj", "{8E92E549-927D-4DE7-B070-0493C32E600D}"
EndProject
Project("{9A19103F-16F7-4668-BE54-9A1E7A4F7556}") = "02_EjercicioDos", "02_EjercicioDos\02_EjercicioDos.csproj", "{6EB4474C-7B4D-4199-8F01-4EE38C345611}"
EndProject
Project("{9A19103F-16F7-4668-BE54-9A1E7A4F7556}") = "01_EjercicioUno", "01_EjercicioUno\01_EjercicioUno.csproj", "{14C72BDB-12D9-400D-8668-86FA6A51BF3F}"
EndProject
Global
	GlobalSection(SolutionConfigurationPlatforms) = preSolution
		Debug|Any CPU = Debug|Any CPU
		Release|Any CPU = Release|Any CPU
	EndGlobalSection
	GlobalSection(ProjectConfigurationPlatforms) = postSolution
		{066F2B81-0010-432E-9D0A-2562251F6542}.Debug|Any CPU.ActiveCfg = Debug|Any CPU
		{066F2B81-0010-432E-9D0A-2562251F6542}.Debug|Any CPU.Build.0 = Debug|Any CPU
		{066F2B81-0010-432E-9D0A-2562251F6542}.Release|Any CPU.ActiveCfg = Release|Any CPU
		{066F2B81-0010-432E-9D0A-2562251F6542}.Release|Any CPU.Build.0 = Release|Any CPU
		{8E92E549-927D-4DE7-B070-0493C32E600D}.Debug|Any CPU.ActiveCfg = Debug|Any CPU
		{8E92E549-927D-4DE7-B070-0493C32E600D}.Debug|Any CPU.Build.0 = Debug|Any CPU
		{8E92E549-927D-4DE7-B070-0493C32E600D}.Release|Any CPU.ActiveCfg = Release|Any CPU
		{8E92E549-927D-4DE7-B070-0493C32E600D}.Release|Any CPU.Build.0 = Release|Any CPU
		{6EB4474C-7B4D-4199-8F01-4EE38C345611}.Debug|Any CPU.ActiveCfg = Debug|Any CPU
		{6EB4474C-7B4D-4199-8F01-4EE38C345611}.Debug|Any CPU.Build.0 = Debug|Any CPU
		{6EB4474C-7B4D-4199-8F01-4EE38C345611}.Release|Any CPU.ActiveCfg = Release|Any CPU
		{6EB4474C-7B4D-4199-8F01-4EE38C345611}.Release|Any CPU.Build.0 = Release|Any CPU
		{14C72BDB-12D9-400D-8668-86FA6A51BF3F}.Debug|Any CPU.ActiveCfg = Debug|Any CPU
		{14C72BDB-12D9-400D-8668-86FA6A51BF3F}.Debug|Any CPU.Build.0 = Debug|Any CPU
		{14C72BDB-12D9-400D-8668-86FA6A51BF3F}.Release|Any CPU.ActiveCfg = Release|Any CPU
		{14C72BDB-12D9-400D-8668-86FA6A51BF3F}.Release|Any CPU.Build.0 = Release|Any CPU
	EndGlobalSection
	GlobalSection(SolutionProperties) = preSolution
		HideSolutionNode = FALSE
	EndGlobalSection
	GlobalSection(ExtensibilityGlobals) = postSolution
		SolutionGuid = {ACFDEC05-0550-49BD-86A4-9E774D8E4F5C}
	EndGlobalSection
EndGlobal
