
Microsoft Visual Studio Solution File, Format Version 12.00
# Visual Studio Version 17
VisualStudioVersion = 17.5.002.0
MinimumVisualStudioVersion = 10.0.40219.1
Project("{9A19103F-16F7-4668-BE54-9A1E7A4F7556}") = "08_EvaluacionDeSesionTres", "08_EvaluacionDeSesionTres\08_EvaluacionDeSesionTres.csproj", "{9978B11C-AA8C-4B9B-A0AA-950C07B8405A}"
EndProject
Project("{9A19103F-16F7-4668-BE54-9A1E7A4F7556}") = "SegundoEjercicio", "SegundoEjercicio\SegundoEjercicio.csproj", "{CD424B32-0B47-474F-8131-5D17A63E835D}"
EndProject
Project("{9A19103F-16F7-4668-BE54-9A1E7A4F7556}") = "03_TrabajoColaborativoTres", "03_TrabajoColaborativoTres\03_TrabajoColaborativoTres.csproj", "{2AD63818-012D-4D76-A57E-5D23B58C1F74}"
EndProject
Project("{9A19103F-16F7-4668-BE54-9A1E7A4F7556}") = "TrabajoColaborativoDos", "02_TrabajoColaborativoDos\TrabajoColaborativoDos.csproj", "{800C091B-DC33-47F2-8790-0032D572B978}"
EndProject
Project("{9A19103F-16F7-4668-BE54-9A1E7A4F7556}") = "04_TrabajoColaborativoCuartro", "04_TrabajoColaborativoCuartro\04_TrabajoColaborativoCuartro.csproj", "{88CD6CF0-5DF4-4B54-86FE-B5084D82FACB}"
EndProject
Project("{9A19103F-16F7-4668-BE54-9A1E7A4F7556}") = "04_TrabajoColaborativoQuinto", "05_TrabajoColaborativoQuinto\04_TrabajoColaborativoQuinto.csproj", "{89F4781B-3C0A-4EBD-B8B6-6EFCA8E1F13D}"
EndProject
Project("{9A19103F-16F7-4668-BE54-9A1E7A4F7556}") = "PrimerEjercicio", "PrimerEjercicio\PrimerEjercicio.csproj", "{A0148D26-0DA0-4C46-8E64-D0EB72FE8A06}"
EndProject
Project("{9A19103F-16F7-4668-BE54-9A1E7A4F7556}") = "06_EvaluacionDeSesionDos", "07_EvaluacionDeSesionDos\06_EvaluacionDeSesionDos.csproj", "{F7140790-E3C6-412B-9A05-1326FECDFBCD}"
EndProject
Project("{9A19103F-16F7-4668-BE54-9A1E7A4F7556}") = "06_EvaluacionDeSesionUno", "06_EvaluacionDeSesionUno\06_EvaluacionDeSesionUno.csproj", "{0D5761D0-DE6D-4494-9CE3-8C84688EF8D3}"
EndProject
Project("{9A19103F-16F7-4668-BE54-9A1E7A4F7556}") = "TrabajoColaborativoUno", "01_TrabajoColaborativoUno\TrabajoColaborativoUno.csproj", "{8A43CDAF-D14E-4FF6-8FDB-76BFBE4B0347}"
EndProject
Global
	GlobalSection(SolutionConfigurationPlatforms) = preSolution
		Debug|Any CPU = Debug|Any CPU
		Release|Any CPU = Release|Any CPU
	EndGlobalSection
	GlobalSection(ProjectConfigurationPlatforms) = postSolution
		{9978B11C-AA8C-4B9B-A0AA-950C07B8405A}.Debug|Any CPU.ActiveCfg = Debug|Any CPU
		{9978B11C-AA8C-4B9B-A0AA-950C07B8405A}.Debug|Any CPU.Build.0 = Debug|Any CPU
		{9978B11C-AA8C-4B9B-A0AA-950C07B8405A}.Release|Any CPU.ActiveCfg = Release|Any CPU
		{9978B11C-AA8C-4B9B-A0AA-950C07B8405A}.Release|Any CPU.Build.0 = Release|Any CPU
		{CD424B32-0B47-474F-8131-5D17A63E835D}.Debug|Any CPU.ActiveCfg = Debug|Any CPU
		{CD424B32-0B47-474F-8131-5D17A63E835D}.Debug|Any CPU.Build.0 = Debug|Any CPU
		{CD424B32-0B47-474F-8131-5D17A63E835D}.Release|Any CPU.ActiveCfg = Release|Any CPU
		{CD424B32-0B47-474F-8131-5D17A63E835D}.Release|Any CPU.Build.0 = Release|Any CPU
		{2AD63818-012D-4D76-A57E-5D23B58C1F74}.Debug|Any CPU.ActiveCfg = Debug|Any CPU
		{2AD63818-012D-4D76-A57E-5D23B58C1F74}.Debug|Any CPU.Build.0 = Debug|Any CPU
		{2AD63818-012D-4D76-A57E-5D23B58C1F74}.Release|Any CPU.ActiveCfg = Release|Any CPU
		{2AD63818-012D-4D76-A57E-5D23B58C1F74}.Release|Any CPU.Build.0 = Release|Any CPU
		{800C091B-DC33-47F2-8790-0032D572B978}.Debug|Any CPU.ActiveCfg = Debug|Any CPU
		{800C091B-DC33-47F2-8790-0032D572B978}.Debug|Any CPU.Build.0 = Debug|Any CPU
		{800C091B-DC33-47F2-8790-0032D572B978}.Release|Any CPU.ActiveCfg = Release|Any CPU
		{800C091B-DC33-47F2-8790-0032D572B978}.Release|Any CPU.Build.0 = Release|Any CPU
		{88CD6CF0-5DF4-4B54-86FE-B5084D82FACB}.Debug|Any CPU.ActiveCfg = Debug|Any CPU
		{88CD6CF0-5DF4-4B54-86FE-B5084D82FACB}.Debug|Any CPU.Build.0 = Debug|Any CPU
		{88CD6CF0-5DF4-4B54-86FE-B5084D82FACB}.Release|Any CPU.ActiveCfg = Release|Any CPU
		{88CD6CF0-5DF4-4B54-86FE-B5084D82FACB}.Release|Any CPU.Build.0 = Release|Any CPU
		{89F4781B-3C0A-4EBD-B8B6-6EFCA8E1F13D}.Debug|Any CPU.ActiveCfg = Debug|Any CPU
		{89F4781B-3C0A-4EBD-B8B6-6EFCA8E1F13D}.Debug|Any CPU.Build.0 = Debug|Any CPU
		{89F4781B-3C0A-4EBD-B8B6-6EFCA8E1F13D}.Release|Any CPU.ActiveCfg = Release|Any CPU
		{89F4781B-3C0A-4EBD-B8B6-6EFCA8E1F13D}.Release|Any CPU.Build.0 = Release|Any CPU
		{A0148D26-0DA0-4C46-8E64-D0EB72FE8A06}.Debug|Any CPU.ActiveCfg = Debug|Any CPU
		{A0148D26-0DA0-4C46-8E64-D0EB72FE8A06}.Debug|Any CPU.Build.0 = Debug|Any CPU
		{A0148D26-0DA0-4C46-8E64-D0EB72FE8A06}.Release|Any CPU.ActiveCfg = Release|Any CPU
		{A0148D26-0DA0-4C46-8E64-D0EB72FE8A06}.Release|Any CPU.Build.0 = Release|Any CPU
		{F7140790-E3C6-412B-9A05-1326FECDFBCD}.Debug|Any CPU.ActiveCfg = Debug|Any CPU
		{F7140790-E3C6-412B-9A05-1326FECDFBCD}.Debug|Any CPU.Build.0 = Debug|Any CPU
		{F7140790-E3C6-412B-9A05-1326FECDFBCD}.Release|Any CPU.ActiveCfg = Release|Any CPU
		{F7140790-E3C6-412B-9A05-1326FECDFBCD}.Release|Any CPU.Build.0 = Release|Any CPU
		{0D5761D0-DE6D-4494-9CE3-8C84688EF8D3}.Debug|Any CPU.ActiveCfg = Debug|Any CPU
		{0D5761D0-DE6D-4494-9CE3-8C84688EF8D3}.Debug|Any CPU.Build.0 = Debug|Any CPU
		{0D5761D0-DE6D-4494-9CE3-8C84688EF8D3}.Release|Any CPU.ActiveCfg = Release|Any CPU
		{0D5761D0-DE6D-4494-9CE3-8C84688EF8D3}.Release|Any CPU.Build.0 = Release|Any CPU
		{8A43CDAF-D14E-4FF6-8FDB-76BFBE4B0347}.Debug|Any CPU.ActiveCfg = Debug|Any CPU
		{8A43CDAF-D14E-4FF6-8FDB-76BFBE4B0347}.Debug|Any CPU.Build.0 = Debug|Any CPU
		{8A43CDAF-D14E-4FF6-8FDB-76BFBE4B0347}.Release|Any CPU.ActiveCfg = Release|Any CPU
		{8A43CDAF-D14E-4FF6-8FDB-76BFBE4B0347}.Release|Any CPU.Build.0 = Release|Any CPU
	EndGlobalSection
	GlobalSection(SolutionProperties) = preSolution
		HideSolutionNode = FALSE
	EndGlobalSection
	GlobalSection(ExtensibilityGlobals) = postSolution
		SolutionGuid = {3FCEA993-5A2B-4F64-BA7F-2956E51D573F}
	EndGlobalSection
EndGlobal
