
Microsoft Visual Studio Solution File, Format Version 12.00
# Visual Studio Version 17
VisualStudioVersion = 17.5.002.0
MinimumVisualStudioVersion = 10.0.40219.1
Project("{2150E333-8FDC-42A3-9474-1A3956D46DE8}") = "05_QuintoEjercicio", "05_QuintoEjercicio", "{3CF3A252-E021-458B-B0B9-D5C713C8F6AF}"
EndProject
Project("{9A19103F-16F7-4668-BE54-9A1E7A4F7556}") = "ServivioDeAlojamiento", "05_QuintoEjercicio\ServivioDeAlojamiento\ServivioDeAlojamiento.csproj", "{0D7B2E2F-222A-45B8-A01E-8D5D6661660F}"
EndProject
Global
	GlobalSection(SolutionConfigurationPlatforms) = preSolution
		Debug|Any CPU = Debug|Any CPU
		Release|Any CPU = Release|Any CPU
	EndGlobalSection
	GlobalSection(ProjectConfigurationPlatforms) = postSolution
		{0D7B2E2F-222A-45B8-A01E-8D5D6661660F}.Debug|Any CPU.ActiveCfg = Debug|Any CPU
		{0D7B2E2F-222A-45B8-A01E-8D5D6661660F}.Debug|Any CPU.Build.0 = Debug|Any CPU
		{0D7B2E2F-222A-45B8-A01E-8D5D6661660F}.Release|Any CPU.ActiveCfg = Release|Any CPU
		{0D7B2E2F-222A-45B8-A01E-8D5D6661660F}.Release|Any CPU.Build.0 = Release|Any CPU
	EndGlobalSection
	GlobalSection(SolutionProperties) = preSolution
		HideSolutionNode = FALSE
	EndGlobalSection
	GlobalSection(NestedProjects) = preSolution
		{0D7B2E2F-222A-45B8-A01E-8D5D6661660F} = {3CF3A252-E021-458B-B0B9-D5C713C8F6AF}
	EndGlobalSection
	GlobalSection(ExtensibilityGlobals) = postSolution
		SolutionGuid = {E9F782DB-E9F2-4CF4-98C2-3B81445ACCAE}
	EndGlobalSection
EndGlobal
