
Microsoft Visual Studio Solution File, Format Version 12.00
# Visual Studio Version 17
VisualStudioVersion = 17.5.002.0
MinimumVisualStudioVersion = 10.0.40219.1
Project("{2150E333-8FDC-42A3-9474-1A3956D46DE8}") = "05_QuintoEjercicio", "05_QuintoEjercicio", "{DBB18743-C2A1-4A5C-AFBD-A1A642F5DF75}"
EndProject
Project("{9A19103F-16F7-4668-BE54-9A1E7A4F7556}") = "Mishabitaciones", "05_QuintoEjercicio\Mishabitaciones\Mishabitaciones.csproj", "{C71FE4E4-890C-4435-A1CD-6CEC32989D11}"
EndProject
Global
	GlobalSection(SolutionConfigurationPlatforms) = preSolution
		Debug|Any CPU = Debug|Any CPU
		Release|Any CPU = Release|Any CPU
	EndGlobalSection
	GlobalSection(ProjectConfigurationPlatforms) = postSolution
		{C71FE4E4-890C-4435-A1CD-6CEC32989D11}.Debug|Any CPU.ActiveCfg = Debug|Any CPU
		{C71FE4E4-890C-4435-A1CD-6CEC32989D11}.Debug|Any CPU.Build.0 = Debug|Any CPU
		{C71FE4E4-890C-4435-A1CD-6CEC32989D11}.Release|Any CPU.ActiveCfg = Release|Any CPU
		{C71FE4E4-890C-4435-A1CD-6CEC32989D11}.Release|Any CPU.Build.0 = Release|Any CPU
	EndGlobalSection
	GlobalSection(SolutionProperties) = preSolution
		HideSolutionNode = FALSE
	EndGlobalSection
	GlobalSection(NestedProjects) = preSolution
		{C71FE4E4-890C-4435-A1CD-6CEC32989D11} = {DBB18743-C2A1-4A5C-AFBD-A1A642F5DF75}
	EndGlobalSection
	GlobalSection(ExtensibilityGlobals) = postSolution
		SolutionGuid = {F2188715-9A38-4BBE-80C3-D025947C1C10}
	EndGlobalSection
EndGlobal
